
Microsoft Visual Studio Solution File, Format Version 12.00
# Visual Studio Version 16
VisualStudioVersion = 16.0.28721.148
MinimumVisualStudioVersion = 10.0.40219.1
Project("{FAE04EC0-301F-11D3-BF4B-00C04F79EFBC}") = "CSV To QIF", "CSV To QIF\CSV To QIF.csproj", "{250A6B2D-8A2D-4D15-A0F0-E78A1601AB8A}"
EndProject
Global
	GlobalSection(SolutionConfigurationPlatforms) = preSolution
		Debug|Any CPU = Debug|Any CPU
		Release|Any CPU = Release|Any CPU
	EndGlobalSection
	GlobalSection(ProjectConfigurationPlatforms) = postSolution
		{250A6B2D-8A2D-4D15-A0F0-E78A1601AB8A}.Debug|Any CPU.ActiveCfg = Debug|Any CPU
		{250A6B2D-8A2D-4D15-A0F0-E78A1601AB8A}.Debug|Any CPU.Build.0 = Debug|Any CPU
		{250A6B2D-8A2D-4D15-A0F0-E78A1601AB8A}.Release|Any CPU.ActiveCfg = Release|Any CPU
		{250A6B2D-8A2D-4D15-A0F0-E78A1601AB8A}.Release|Any CPU.Build.0 = Release|Any CPU
	EndGlobalSection
	GlobalSection(SolutionProperties) = preSolution
		HideSolutionNode = FALSE
	EndGlobalSection
	GlobalSection(ExtensibilityGlobals) = postSolution
		SolutionGuid = {6B7D8948-9013-4253-BAA7-AF1D91B0A8B4}
	EndGlobalSection
EndGlobal
